
Microsoft Visual Studio Solution File, Format Version 12.00
# Visual Studio Version 17
VisualStudioVersion = 17.9.34728.123
MinimumVisualStudioVersion = 10.0.40219.1
Project("{FAE04EC0-301F-11D3-BF4B-00C04F79EFBC}") = "lab_Lana", "lab_Lana\lab_Lana.csproj", "{8DE7E059-2193-4060-A7DD-3D50C7195EF3}"
EndProject
Global
	GlobalSection(SolutionConfigurationPlatforms) = preSolution
		Debug|Any CPU = Debug|Any CPU
		Release|Any CPU = Release|Any CPU
	EndGlobalSection
	GlobalSection(ProjectConfigurationPlatforms) = postSolution
		{8DE7E059-2193-4060-A7DD-3D50C7195EF3}.Debug|Any CPU.ActiveCfg = Debug|Any CPU
		{8DE7E059-2193-4060-A7DD-3D50C7195EF3}.Debug|Any CPU.Build.0 = Debug|Any CPU
		{8DE7E059-2193-4060-A7DD-3D50C7195EF3}.Release|Any CPU.ActiveCfg = Release|Any CPU
		{8DE7E059-2193-4060-A7DD-3D50C7195EF3}.Release|Any CPU.Build.0 = Release|Any CPU
	EndGlobalSection
	GlobalSection(SolutionProperties) = preSolution
		HideSolutionNode = FALSE
	EndGlobalSection
	GlobalSection(ExtensibilityGlobals) = postSolution
		SolutionGuid = {A8E79BA5-D6A8-49AD-AF36-476D6C277AAC}
	EndGlobalSection
EndGlobal
